
Microsoft Visual Studio Solution File, Format Version 12.00
# Visual Studio Version 17
VisualStudioVersion = 17.9.34728.123
MinimumVisualStudioVersion = 10.0.40219.1
Project("{8BC9CEB8-8B4A-11D0-8D11-00A0C91BC942}") = "imguiapp", "src\imguiapp\imguiapp.vcxproj", "{54D56DC9-CDA5-4337-A3C8-7ED8CF5163D7}"
	ProjectSection(ProjectDependencies) = postProject
		{3CB81E7F-B40F-4FB5-B87F-B87ECED81404} = {3CB81E7F-B40F-4FB5-B87F-B87ECED81404}
		{46A74761-6CFA-41AF-A536-47F08E2C7B48} = {46A74761-6CFA-41AF-A536-47F08E2C7B48}
		{C768D4C0-D36E-4987-AEA1-74605D51AB25} = {C768D4C0-D36E-4987-AEA1-74605D51AB25}
	EndProjectSection
EndProject
Project("{8BC9CEB8-8B4A-11D0-8D11-00A0C91BC942}") = "injlib", "src\injlib\injlib.vcxproj", "{E2ABAE21-2862-4356-BA49-28C060878D76}"
EndProject
Project("{8BC9CEB8-8B4A-11D0-8D11-00A0C91BC942}") = "injdrv", "src\injdrv\injdrv.vcxproj", "{46A74761-6CFA-41AF-A536-47F08E2C7B48}"
EndProject
Project("{8BC9CEB8-8B4A-11D0-8D11-00A0C91BC942}") = "RegManager", "src\RegManager\RegManager.vcxproj", "{C768D4C0-D36E-4987-AEA1-74605D51AB25}"
EndProject
Project("{8BC9CEB8-8B4A-11D0-8D11-00A0C91BC942}") = "TEST", "src\TEST\TEST\TEST.vcxproj", "{71791F47-DCD7-410E-BCF9-639775693AC7}"
EndProject
Project("{8BC9CEB8-8B4A-11D0-8D11-00A0C91BC942}") = "TaskSchedulerLib", "src\TaskSchedulerLib\TaskSchedulerLib.vcxproj", "{3CB81E7F-B40F-4FB5-B87F-B87ECED81404}"
EndProject
Global
	GlobalSection(SolutionConfigurationPlatforms) = preSolution
		Debug|ARM64 = Debug|ARM64
		Debug|x64 = Debug|x64
		Debug|x86 = Debug|x86
		Release|ARM64 = Release|ARM64
		Release|x64 = Release|x64
		Release|x86 = Release|x86
	EndGlobalSection
	GlobalSection(ProjectConfigurationPlatforms) = postSolution
		{54D56DC9-CDA5-4337-A3C8-7ED8CF5163D7}.Debug|ARM64.ActiveCfg = Debug|x64
		{54D56DC9-CDA5-4337-A3C8-7ED8CF5163D7}.Debug|ARM64.Build.0 = Debug|x64
		{54D56DC9-CDA5-4337-A3C8-7ED8CF5163D7}.Debug|x64.ActiveCfg = Debug|x64
		{54D56DC9-CDA5-4337-A3C8-7ED8CF5163D7}.Debug|x64.Build.0 = Debug|x64
		{54D56DC9-CDA5-4337-A3C8-7ED8CF5163D7}.Debug|x86.ActiveCfg = Debug|Win32
		{54D56DC9-CDA5-4337-A3C8-7ED8CF5163D7}.Debug|x86.Build.0 = Debug|Win32
		{54D56DC9-CDA5-4337-A3C8-7ED8CF5163D7}.Release|ARM64.ActiveCfg = Release|x64
		{54D56DC9-CDA5-4337-A3C8-7ED8CF5163D7}.Release|ARM64.Build.0 = Release|x64
		{54D56DC9-CDA5-4337-A3C8-7ED8CF5163D7}.Release|x64.ActiveCfg = Release|x64
		{54D56DC9-CDA5-4337-A3C8-7ED8CF5163D7}.Release|x64.Build.0 = Release|x64
		{54D56DC9-CDA5-4337-A3C8-7ED8CF5163D7}.Release|x86.ActiveCfg = Release|Win32
		{54D56DC9-CDA5-4337-A3C8-7ED8CF5163D7}.Release|x86.Build.0 = Release|Win32
		{E2ABAE21-2862-4356-BA49-28C060878D76}.Debug|ARM64.ActiveCfg = Debug|ARM64
		{E2ABAE21-2862-4356-BA49-28C060878D76}.Debug|ARM64.Build.0 = Debug|ARM64
		{E2ABAE21-2862-4356-BA49-28C060878D76}.Debug|ARM64.Deploy.0 = Debug|ARM64
		{E2ABAE21-2862-4356-BA49-28C060878D76}.Debug|x64.ActiveCfg = Debug|x64
		{E2ABAE21-2862-4356-BA49-28C060878D76}.Debug|x64.Build.0 = Debug|x64
		{E2ABAE21-2862-4356-BA49-28C060878D76}.Debug|x64.Deploy.0 = Debug|x64
		{E2ABAE21-2862-4356-BA49-28C060878D76}.Debug|x86.ActiveCfg = Debug|Win32
		{E2ABAE21-2862-4356-BA49-28C060878D76}.Debug|x86.Build.0 = Debug|Win32
		{E2ABAE21-2862-4356-BA49-28C060878D76}.Debug|x86.Deploy.0 = Debug|Win32
		{E2ABAE21-2862-4356-BA49-28C060878D76}.Release|ARM64.ActiveCfg = Release|ARM64
		{E2ABAE21-2862-4356-BA49-28C060878D76}.Release|ARM64.Build.0 = Release|ARM64
		{E2ABAE21-2862-4356-BA49-28C060878D76}.Release|ARM64.Deploy.0 = Release|ARM64
		{E2ABAE21-2862-4356-BA49-28C060878D76}.Release|x64.ActiveCfg = Release|x64
		{E2ABAE21-2862-4356-BA49-28C060878D76}.Release|x64.Build.0 = Release|x64
		{E2ABAE21-2862-4356-BA49-28C060878D76}.Release|x64.Deploy.0 = Release|x64
		{E2ABAE21-2862-4356-BA49-28C060878D76}.Release|x86.ActiveCfg = Release|Win32
		{E2ABAE21-2862-4356-BA49-28C060878D76}.Release|x86.Build.0 = Release|Win32
		{E2ABAE21-2862-4356-BA49-28C060878D76}.Release|x86.Deploy.0 = Release|Win32
		{46A74761-6CFA-41AF-A536-47F08E2C7B48}.Debug|ARM64.ActiveCfg = Debug|ARM64
		{46A74761-6CFA-41AF-A536-47F08E2C7B48}.Debug|ARM64.Build.0 = Debug|ARM64
		{46A74761-6CFA-41AF-A536-47F08E2C7B48}.Debug|ARM64.Deploy.0 = Debug|ARM64
		{46A74761-6CFA-41AF-A536-47F08E2C7B48}.Debug|x64.ActiveCfg = Debug|x64
		{46A74761-6CFA-41AF-A536-47F08E2C7B48}.Debug|x64.Build.0 = Debug|x64
		{46A74761-6CFA-41AF-A536-47F08E2C7B48}.Debug|x64.Deploy.0 = Debug|x64
		{46A74761-6CFA-41AF-A536-47F08E2C7B48}.Debug|x86.ActiveCfg = Debug|Win32
		{46A74761-6CFA-41AF-A536-47F08E2C7B48}.Debug|x86.Build.0 = Debug|Win32
		{46A74761-6CFA-41AF-A536-47F08E2C7B48}.Debug|x86.Deploy.0 = Debug|Win32
		{46A74761-6CFA-41AF-A536-47F08E2C7B48}.Release|ARM64.ActiveCfg = Release|ARM64
		{46A74761-6CFA-41AF-A536-47F08E2C7B48}.Release|ARM64.Build.0 = Release|ARM64
		{46A74761-6CFA-41AF-A536-47F08E2C7B48}.Release|ARM64.Deploy.0 = Release|ARM64
		{46A74761-6CFA-41AF-A536-47F08E2C7B48}.Release|x64.ActiveCfg = Release|x64
		{46A74761-6CFA-41AF-A536-47F08E2C7B48}.Release|x64.Build.0 = Release|x64
		{46A74761-6CFA-41AF-A536-47F08E2C7B48}.Release|x64.Deploy.0 = Release|x64
		{46A74761-6CFA-41AF-A536-47F08E2C7B48}.Release|x86.ActiveCfg = Release|Win32
		{46A74761-6CFA-41AF-A536-47F08E2C7B48}.Release|x86.Build.0 = Release|Win32
		{46A74761-6CFA-41AF-A536-47F08E2C7B48}.Release|x86.Deploy.0 = Release|Win32
		{C768D4C0-D36E-4987-AEA1-74605D51AB25}.Debug|ARM64.ActiveCfg = Debug|x64
		{C768D4C0-D36E-4987-AEA1-74605D51AB25}.Debug|ARM64.Build.0 = Debug|x64
		{C768D4C0-D36E-4987-AEA1-74605D51AB25}.Debug|x64.ActiveCfg = Debug|x64
		{C768D4C0-D36E-4987-AEA1-74605D51AB25}.Debug|x64.Build.0 = Debug|x64
		{C768D4C0-D36E-4987-AEA1-74605D51AB25}.Debug|x86.ActiveCfg = Debug|Win32
		{C768D4C0-D36E-4987-AEA1-74605D51AB25}.Debug|x86.Build.0 = Debug|Win32
		{C768D4C0-D36E-4987-AEA1-74605D51AB25}.Release|ARM64.ActiveCfg = Release|x64
		{C768D4C0-D36E-4987-AEA1-74605D51AB25}.Release|ARM64.Build.0 = Release|x64
		{C768D4C0-D36E-4987-AEA1-74605D51AB25}.Release|x64.ActiveCfg = Release|x64
		{C768D4C0-D36E-4987-AEA1-74605D51AB25}.Release|x64.Build.0 = Release|x64
		{C768D4C0-D36E-4987-AEA1-74605D51AB25}.Release|x86.ActiveCfg = Release|Win32
		{C768D4C0-D36E-4987-AEA1-74605D51AB25}.Release|x86.Build.0 = Release|Win32
		{71791F47-DCD7-410E-BCF9-639775693AC7}.Debug|ARM64.ActiveCfg = Debug|x64
		{71791F47-DCD7-410E-BCF9-639775693AC7}.Debug|ARM64.Build.0 = Debug|x64
		{71791F47-DCD7-410E-BCF9-639775693AC7}.Debug|x64.ActiveCfg = Debug|x64
		{71791F47-DCD7-410E-BCF9-639775693AC7}.Debug|x64.Build.0 = Debug|x64
		{71791F47-DCD7-410E-BCF9-639775693AC7}.Debug|x86.ActiveCfg = Debug|Win32
		{71791F47-DCD7-410E-BCF9-639775693AC7}.Debug|x86.Build.0 = Debug|Win32
		{71791F47-DCD7-410E-BCF9-639775693AC7}.Release|ARM64.ActiveCfg = Release|x64
		{71791F47-DCD7-410E-BCF9-639775693AC7}.Release|ARM64.Build.0 = Release|x64
		{71791F47-DCD7-410E-BCF9-639775693AC7}.Release|x64.ActiveCfg = Release|x64
		{71791F47-DCD7-410E-BCF9-639775693AC7}.Release|x64.Build.0 = Release|x64
		{71791F47-DCD7-410E-BCF9-639775693AC7}.Release|x86.ActiveCfg = Release|Win32
		{71791F47-DCD7-410E-BCF9-639775693AC7}.Release|x86.Build.0 = Release|Win32
		{3CB81E7F-B40F-4FB5-B87F-B87ECED81404}.Debug|ARM64.ActiveCfg = Debug|x64
		{3CB81E7F-B40F-4FB5-B87F-B87ECED81404}.Debug|ARM64.Build.0 = Debug|x64
		{3CB81E7F-B40F-4FB5-B87F-B87ECED81404}.Debug|x64.ActiveCfg = Debug|x64
		{3CB81E7F-B40F-4FB5-B87F-B87ECED81404}.Debug|x64.Build.0 = Debug|x64
		{3CB81E7F-B40F-4FB5-B87F-B87ECED81404}.Debug|x86.ActiveCfg = Debug|Win32
		{3CB81E7F-B40F-4FB5-B87F-B87ECED81404}.Debug|x86.Build.0 = Debug|Win32
		{3CB81E7F-B40F-4FB5-B87F-B87ECED81404}.Release|ARM64.ActiveCfg = Release|x64
		{3CB81E7F-B40F-4FB5-B87F-B87ECED81404}.Release|ARM64.Build.0 = Release|x64
		{3CB81E7F-B40F-4FB5-B87F-B87ECED81404}.Release|x64.ActiveCfg = Release|x64
		{3CB81E7F-B40F-4FB5-B87F-B87ECED81404}.Release|x64.Build.0 = Release|x64
		{3CB81E7F-B40F-4FB5-B87F-B87ECED81404}.Release|x86.ActiveCfg = Release|Win32
		{3CB81E7F-B40F-4FB5-B87F-B87ECED81404}.Release|x86.Build.0 = Release|Win32
	EndGlobalSection
	GlobalSection(SolutionProperties) = preSolution
		HideSolutionNode = FALSE
	EndGlobalSection
	GlobalSection(ExtensibilityGlobals) = postSolution
		SolutionGuid = {0C6983BE-C74E-4FA0-AB8D-7A9792D129ED}
	EndGlobalSection
EndGlobal
